// !$*UTF8*$!
{
	archiveVersion = 1;
	classes = {
	};
	objectVersion = 50;
	objects = {

/* Begin PBXBuildFile section */
		A9419B97262D9A2800B29E0C /* testApp.swift in Sources */ = {isa = PBXBuildFile; fileRef = A9419B96262D9A2800B29E0C /* testApp.swift */; };
		A9419B99262D9A2800B29E0C /* ContentView.swift in Sources */ = {isa = PBXBuildFile; fileRef = A9419B98262D9A2800B29E0C /* ContentView.swift */; };
		A9419B9B262D9A2B00B29E0C /* Assets.xcassets in Resources */ = {isa = PBXBuildFile; fileRef = A9419B9A262D9A2B00B29E0C /* Assets.xcassets */; };
		A9419B9E262D9A2B00B29E0C /* Preview Assets.xcassets in Resources */ = {isa = PBXBuildFile; fileRef = A9419B9D262D9A2B00B29E0C /* Preview Assets.xcassets */; };
		A9419BA9262D9A2B00B29E0C /* testTests.swift in Sources */ = {isa = PBXBuildFile; fileRef = A9419BA8262D9A2B00B29E0C /* testTests.swift */; };
		A9419BB4262D9A2B00B29E0C /* testUITests.swift in Sources */ = {isa = PBXBuildFile; fileRef = A9419BB3262D9A2B00B29E0C /* testUITests.swift */; };
/* End PBXBuildFile section */

/* Begin PBXContainerItemProxy section */
		A9419BA5262D9A2B00B29E0C /* PBXContainerItemProxy */ = {
			isa = PBXContainerItemProxy;
			containerPortal = A9419B8B262D9A2800B29E0C /* Project object */;
			proxyType = 1;
			remoteGlobalIDString = A9419B92262D9A2800B29E0C;
			remoteInfo = test;
		};
		A9419BB0262D9A2B00B29E0C /* PBXContainerItemProxy */ = {
			isa = PBXContainerItemProxy;
			containerPortal = A9419B8B262D9A2800B29E0C /* Project object */;
			proxyType = 1;
			remoteGlobalIDString = A9419B92262D9A2800B29E0C;
			remoteInfo = test;
		};
/* End PBXContainerItemProxy section */

/* Begin PBXFileReference section */
		A9419B93262D9A2800B29E0C /* test.app */ = {isa = PBXFileReference; explicitFileType = wrapper.application; includeInIndex = 0; path = test.app; sourceTree = BUILT_PRODUCTS_DIR; };
		A9419B96262D9A2800B29E0C /* testApp.swift */ = {isa = PBXFileReference; lastKnownFileType = sourcecode.swift; path = testApp.swift; sourceTree = "<group>"; };
		A9419B98262D9A2800B29E0C /* ContentView.swift */ = {isa = PBXFileReference; lastKnownFileType = sourcecode.swift; path = ContentView.swift; sourceTree = "<group>"; };
		A9419B9A262D9A2B00B29E0C /* Assets.xcassets */ = {isa = PBXFileReference; lastKnownFileType = folder.assetcatalog; path = Assets.xcassets; sourceTree = "<group>"; };
		A9419B9D262D9A2B00B29E0C /* Preview Assets.xcassets */ = {isa = PBXFileReference; lastKnownFileType = folder.assetcatalog; path = "Preview Assets.xcassets"; sourceTree = "<group>"; };
		A9419B9F262D9A2B00B29E0C /* Info.plist */ = {isa = PBXFileReference; lastKnownFileType = text.plist.xml; path = Info.plist; sourceTree = "<group>"; };
		A9419BA4262D9A2B00B29E0C /* testTests.xctest */ = {isa = PBXFileReference; explicitFileType = wrapper.cfbundle; includeInIndex = 0; path = testTests.xctest; sourceTree = BUILT_PRODUCTS_DIR; };
		A9419BA8262D9A2B00B29E0C /* testTests.swift */ = {isa = PBXFileReference; lastKnownFileType = sourcecode.swift; path = testTests.swift; sourceTree = "<group>"; };
		A9419BAA262D9A2B00B29E0C /* Info.plist */ = {isa = PBXFileReference; lastKnownFileType = text.plist.xml; path = Info.plist; sourceTree = "<group>"; };
		A9419BAF262D9A2B00B29E0C /* testUITests.xctest */ = {isa = PBXFileReference; explicitFileType = wrapper.cfbundle; includeInIndex = 0; path = testUITests.xctest; sourceTree = BUILT_PRODUCTS_DIR; };
		A9419BB3262D9A2B00B29E0C /* testUITests.swift */ = {isa = PBXFileReference; lastKnownFileType = sourcecode.swift; path = testUITests.swift; sourceTree = "<group>"; };
		A9419BB5262D9A2B00B29E0C /* Info.plist */ = {isa = PBXFileReference; lastKnownFileType = text.plist.xml; path = Info.plist; sourceTree = "<group>"; };
/* End PBXFileReference section */

/* Begin PBXFrameworksBuildPhase section */
		A9419B90262D9A2800B29E0C /* Frameworks */ = {
			isa = PBXFrameworksBuildPhase;
			buildActionMask = 2147483647;
			files = (
			);
			runOnlyForDeploymentPostprocessing = 0;
		};
		A9419BA1262D9A2B00B29E0C /* Frameworks */ = {
			isa = PBXFrameworksBuildPhase;
			buildActionMask = 2147483647;
			files = (
			);
			runOnlyForDeploymentPostprocessing = 0;
		};
		A9419BAC262D9A2B00B29E0C /* Frameworks */ = {
			isa = PBXFrameworksBuildPhase;
			buildActionMask = 2147483647;
			files = (
			);
			runOnlyForDeploymentPostprocessing = 0;
		};
/* End PBXFrameworksBuildPhase section */

/* Begin PBXGroup section */
		A9419B8A262D9A2800B29E0C = {
			isa = PBXGroup;
			children = (
				A9419B95262D9A2800B29E0C /* test */,
				A9419BA7262D9A2B00B29E0C /* testTests */,
				A9419BB2262D9A2B00B29E0C /* testUITests */,
				A9419B94262D9A2800B29E0C /* Products */,
			);
			sourceTree = "<group>";
		};
		A9419B94262D9A2800B29E0C /* Products */ = {
			isa = PBXGroup;
			children = (
				A9419B93262D9A2800B29E0C /* test.app */,
				A9419BA4262D9A2B00B29E0C /* testTests.xctest */,
				A9419BAF262D9A2B00B29E0C /* testUITests.xctest */,
			);
			name = Products;
			sourceTree = "<group>";
		};
		A9419B95262D9A2800B29E0C /* test */ = {
			isa = PBXGroup;
			children = (
				A9419B96262D9A2800B29E0C /* testApp.swift */,
				A9419B98262D9A2800B29E0C /* ContentView.swift */,
				A9419B9A262D9A2B00B29E0C /* Assets.xcassets */,
				A9419B9F262D9A2B00B29E0C /* Info.plist */,
				A9419B9C262D9A2B00B29E0C /* Preview Content */,
			);
			path = test;
			sourceTree = "<group>";
		};
		A9419B9C262D9A2B00B29E0C /* Preview Content */ = {
			isa = PBXGroup;
			children = (
				A9419B9D262D9A2B00B29E0C /* Preview Assets.xcassets */,
			);
			path = "Preview Content";
			sourceTree = "<group>";
		};
		A9419BA7262D9A2B00B29E0C /* testTests */ = {
			isa = PBXGroup;
			children = (
				A9419BA8262D9A2B00B29E0C /* testTests.swift */,
				A9419BAA262D9A2B00B29E0C /* Info.plist */,
			);
			path = testTests;
			sourceTree = "<group>";
		};
		A9419BB2262D9A2B00B29E0C /* testUITests */ = {
			isa = PBXGroup;
			children = (
				A9419BB3262D9A2B00B29E0C /* testUITests.swift */,
				A9419BB5262D9A2B00B29E0C /* Info.plist */,
			);
			path = testUITests;
			sourceTree = "<group>";
		};
/* End PBXGroup section */

/* Begin PBXNativeTarget section */
		A9419B92262D9A2800B29E0C /* test */ = {
			isa = PBXNativeTarget;
			buildConfigurationList = A9419BB8262D9A2B00B29E0C /* Build configuration list for PBXNativeTarget "test" */;
			buildPhases = (
				A9419B8F262D9A2800B29E0C /* Sources */,
				A9419B90262D9A2800B29E0C /* Frameworks */,
				A9419B91262D9A2800B29E0C /* Resources */,
			);
			buildRules = (
			);
			dependencies = (
			);
			name = test;
			productName = test;
			productReference = A9419B93262D9A2800B29E0C /* test.app */;
			productType = "com.apple.product-type.application";
		};
		A9419BA3262D9A2B00B29E0C /* testTests */ = {
			isa = PBXNativeTarget;
			buildConfigurationList = A9419BBB262D9A2B00B29E0C /* Build configuration list for PBXNativeTarget "testTests" */;
			buildPhases = (
				A9419BA0262D9A2B00B29E0C /* Sources */,
				A9419BA1262D9A2B00B29E0C /* Frameworks */,
				A9419BA2262D9A2B00B29E0C /* Resources */,
			);
			buildRules = (
			);
			dependencies = (
				A9419BA6262D9A2B00B29E0C /* PBXTargetDependency */,
			);
			name = testTests;
			productName = testTests;
			productReference = A9419BA4262D9A2B00B29E0C /* testTests.xctest */;
			productType = "com.apple.product-type.bundle.unit-test";
		};
		A9419BAE262D9A2B00B29E0C /* testUITests */ = {
			isa = PBXNativeTarget;
			buildConfigurationList = A9419BBE262D9A2B00B29E0C /* Build configuration list for PBXNativeTarget "testUITests" */;
			buildPhases = (
				A9419BAB262D9A2B00B29E0C /* Sources */,
				A9419BAC262D9A2B00B29E0C /* Frameworks */,
				A9419BAD262D9A2B00B29E0C /* Resources */,
			);
			buildRules = (
			);
			dependencies = (
				A9419BB1262D9A2B00B29E0C /* PBXTargetDependency */,
			);
			name = testUITests;
			productName = testUITests;
			productReference = A9419BAF262D9A2B00B29E0C /* testUITests.xctest */;
			productType = "com.apple.product-type.bundle.ui-testing";
		};
/* End PBXNativeTarget section */

/* Begin PBXProject section */
		A9419B8B262D9A2800B29E0C /* Project object */ = {
			isa = PBXProject;
			attributes = {
				LastSwiftUpdateCheck = 1240;
				LastUpgradeCheck = 1240;
				TargetAttributes = {
					A9419B92262D9A2800B29E0C = {
						CreatedOnToolsVersion = 12.4;
					};
					A9419BA3262D9A2B00B29E0C = {
						CreatedOnToolsVersion = 12.4;
						TestTargetID = A9419B92262D9A2800B29E0C;
					};
					A9419BAE262D9A2B00B29E0C = {
						CreatedOnToolsVersion = 12.4;
						TestTargetID = A9419B92262D9A2800B29E0C;
					};
				};
			};
			buildConfigurationList = A9419B8E262D9A2800B29E0C /* Build configuration list for PBXProject "test" */;
			compatibilityVersion = "Xcode 9.3";
			developmentRegion = en;
			hasScannedForEncodings = 0;
			knownRegions = (
				en,
				Base,
			);
			mainGroup = A9419B8A262D9A2800B29E0C;
			productRefGroup = A9419B94262D9A2800B29E0C /* Products */;
			projectDirPath = "";
			projectRoot = "";
			targets = (
				A9419B92262D9A2800B29E0C /* test */,
				A9419BA3262D9A2B00B29E0C /* testTests */,
				A9419BAE262D9A2B00B29E0C /* testUITests */,
			);
		};
/* End PBXProject section */

/* Begin PBXResourcesBuildPhase section */
		A9419B91262D9A2800B29E0C /* Resources */ = {
			isa = PBXResourcesBuildPhase;
			buildActionMask = 2147483647;
			files = (
				A9419B9E262D9A2B00B29E0C /* Preview Assets.xcassets in Resources */,
				A9419B9B262D9A2B00B29E0C /* Assets.xcassets in Resources */,
			);
			runOnlyForDeploymentPostprocessing = 0;
		};
		A9419BA2262D9A2B00B29E0C /* Resources */ = {
			isa = PBXResourcesBuildPhase;
			buildActionMask = 2147483647;
			files = (
			);
			runOnlyForDeploymentPostprocessing = 0;
		};
		A9419BAD262D9A2B00B29E0C /* Resources */ = {
			isa = PBXResourcesBuildPhase;
			buildActionMask = 2147483647;
			files = (
			);
			runOnlyForDeploymentPostprocessing = 0;
		};
/* End PBXResourcesBuildPhase section */

/* Begin PBXSourcesBuildPhase section */
		A9419B8F262D9A2800B29E0C /* Sources */ = {
			isa = PBXSourcesBuildPhase;
			buildActionMask = 2147483647;
			files = (
				A9419B99262D9A2800B29E0C /* ContentView.swift in Sources */,
				A9419B97262D9A2800B29E0C /* testApp.swift in Sources */,
			);
			runOnlyForDeploymentPostprocessing = 0;
		};
		A9419BA0262D9A2B00B29E0C /* Sources */ = {
			isa = PBXSourcesBuildPhase;
			buildActionMask = 2147483647;
			files = (
				A9419BA9262D9A2B00B29E0C /* testTests.swift in Sources */,
			);
			runOnlyForDeploymentPostprocessing = 0;
		};
		A9419BAB262D9A2B00B29E0C /* Sources */ = {
			isa = PBXSourcesBuildPhase;
			buildActionMask = 2147483647;
			files = (
				A9419BB4262D9A2B00B29E0C /* testUITests.swift in Sources */,
			);
			runOnlyForDeploymentPostprocessing = 0;
		};
/* End PBXSourcesBuildPhase section */

/* Begin PBXTargetDependency section */
		A9419BA6262D9A2B00B29E0C /* PBXTargetDependency */ = {
			isa = PBXTargetDependency;
			target = A9419B92262D9A2800B29E0C /* test */;
			targetProxy = A9419BA5262D9A2B00B29E0C /* PBXContainerItemProxy */;
		};
		A9419BB1262D9A2B00B29E0C /* PBXTargetDependency */ = {
			isa = PBXTargetDependency;
			target = A9419B92262D9A2800B29E0C /* test */;
			targetProxy = A9419BB0262D9A2B00B29E0C /* PBXContainerItemProxy */;
		};
/* End PBXTargetDependency section */

/* Begin XCBuildConfiguration section */
		A9419BB6262D9A2B00B29E0C /* Debug */ = {
			isa = XCBuildConfiguration;
			buildSettings = {
				ALWAYS_SEARCH_USER_PATHS = NO;
				CLANG_ANALYZER_NONNULL = YES;
				CLANG_ANALYZER_NUMBER_OBJECT_CONVERSION = YES_AGGRESSIVE;
				CLANG_CXX_LANGUAGE_STANDARD = "gnu++14";
				CLANG_CXX_LIBRARY = "libc++";
				CLANG_ENABLE_MODULES = YES;
				CLANG_ENABLE_OBJC_ARC = YES;
				CLANG_ENABLE_OBJC_WEAK = YES;
				CLANG_WARN_BLOCK_CAPTURE_AUTORELEASING = YES;
				CLANG_WARN_BOOL_CONVERSION = YES;
				CLANG_WARN_COMMA = YES;
				CLANG_WARN_CONSTANT_CONVERSION = YES;
				CLANG_WARN_DEPRECATED_OBJC_IMPLEMENTATIONS = YES;
				CLANG_WARN_DIRECT_OBJC_ISA_USAGE = YES_ERROR;
				CLANG_WARN_DOCUMENTATION_COMMENTS = YES;
				CLANG_WARN_EMPTY_BODY = YES;
				CLANG_WARN_ENUM_CONVERSION = YES;
				CLANG_WARN_INFINITE_RECURSION = YES;
				CLANG_WARN_INT_CONVERSION = YES;
				CLANG_WARN_NON_LITERAL_NULL_CONVERSION = YES;
				CLANG_WARN_OBJC_IMPLICIT_RETAIN_SELF = YES;
				CLANG_WARN_OBJC_LITERAL_CONVERSION = YES;
				CLANG_WARN_OBJC_ROOT_CLASS = YES_ERROR;
				CLANG_WARN_QUOTED_INCLUDE_IN_FRAMEWORK_HEADER = YES;
				CLANG_WARN_RANGE_LOOP_ANALYSIS = YES;
				CLANG_WARN_STRICT_PROTOTYPES = YES;
				CLANG_WARN_SUSPICIOUS_MOVE = YES;
				CLANG_WARN_UNGUARDED_AVAILABILITY = YES_AGGRESSIVE;
				CLANG_WARN_UNREACHABLE_CODE = YES;
				CLANG_WARN__DUPLICATE_METHOD_MATCH = YES;
				COPY_PHASE_STRIP = NO;
				DEBUG_INFORMATION_FORMAT = dwarf;
				ENABLE_STRICT_OBJC_MSGSEND = YES;
				ENABLE_TESTABILITY = YES;
				GCC_C_LANGUAGE_STANDARD = gnu11;
				GCC_DYNAMIC_NO_PIC = NO;
				GCC_NO_COMMON_BLOCKS = YES;
				GCC_OPTIMIZATION_LEVEL = 0;
				GCC_PREPROCESSOR_DEFINITIONS = (
					"DEBUG=1",
					"$(inherited)",
				);
				GCC_WARN_64_TO_32_BIT_CONVERSION = YES;
				GCC_WARN_ABOUT_RETURN_TYPE = YES_ERROR;
				GCC_WARN_UNDECLARED_SELECTOR = YES;
				GCC_WARN_UNINITIALIZED_AUTOS = YES_AGGRESSIVE;
				GCC_WARN_UNUSED_FUNCTION = YES;
				GCC_WARN_UNUSED_VARIABLE = YES;
				IPHONEOS_DEPLOYMENT_TARGET = 14.4;
				MTL_ENABLE_DEBUG_INFO = INCLUDE_SOURCE;
				MTL_FAST_MATH = YES;
				ONLY_ACTIVE_ARCH = YES;
				SDKROOT = iphoneos;
				SWIFT_ACTIVE_COMPILATION_CONDITIONS = DEBUG;
				SWIFT_OPTIMIZATION_LEVEL = "-Onone";
			};
			name = Debug;
		};
		A9419BB7262D9A2B00B29E0C /* Release */ = {
			isa = XCBuildConfiguration;
			buildSettings = {
				ALWAYS_SEARCH_USER_PATHS = NO;
				CLANG_ANALYZER_NONNULL = YES;
				CLANG_ANALYZER_NUMBER_OBJECT_CONVERSION = YES_AGGRESSIVE;
				CLANG_CXX_LANGUAGE_STANDARD = "gnu++14";
				CLANG_CXX_LIBRARY = "libc++";
				CLANG_ENABLE_MODULES = YES;
				CLANG_ENABLE_OBJC_ARC = YES;
				CLANG_ENABLE_OBJC_WEAK = YES;
				CLANG_WARN_BLOCK_CAPTURE_AUTORELEASING = YES;
				CLANG_WARN_BOOL_CONVERSION = YES;
				CLANG_WARN_COMMA = YES;
				CLANG_WARN_CONSTANT_CONVERSION = YES;
				CLANG_WARN_DEPRECATED_OBJC_IMPLEMENTATIONS = YES;
				CLANG_WARN_DIRECT_OBJC_ISA_USAGE = YES_ERROR;
				CLANG_WARN_DOCUMENTATION_COMMENTS = YES;
				CLANG_WARN_EMPTY_BODY = YES;
				CLANG_WARN_ENUM_CONVERSION = YES;
				CLANG_WARN_INFINITE_RECURSION = YES;
				CLANG_WARN_INT_CONVERSION = YES;
				CLANG_WARN_NON_LITERAL_NULL_CONVERSION = YES;
				CLANG_WARN_OBJC_IMPLICIT_RETAIN_SELF = YES;
				CLANG_WARN_OBJC_LITERAL_CONVERSION = YES;
				CLANG_WARN_OBJC_ROOT_CLASS = YES_ERROR;
				CLANG_WARN_QUOTED_INCLUDE_IN_FRAMEWORK_HEADER = YES;
				CLANG_WARN_RANGE_LOOP_ANALYSIS = YES;
				CLANG_WARN_STRICT_PROTOTYPES = YES;
				CLANG_WARN_SUSPICIOUS_MOVE = YES;
				CLANG_WARN_UNGUARDED_AVAILABILITY = YES_AGGRESSIVE;
				CLANG_WARN_UNREACHABLE_CODE = YES;
				CLANG_WARN__DUPLICATE_METHOD_MATCH = YES;
				COPY_PHASE_STRIP = NO;
				DEBUG_INFORMATION_FORMAT = "dwarf-with-dsym";
				ENABLE_NS_ASSERTIONS = NO;
				ENABLE_STRICT_OBJC_MSGSEND = YES;
				GCC_C_LANGUAGE_STANDARD = gnu11;
				GCC_NO_COMMON_BLOCKS = YES;
				GCC_WARN_64_TO_32_BIT_CONVERSION = YES;
				GCC_WARN_ABOUT_RETURN_TYPE = YES_ERROR;
				GCC_WARN_UNDECLARED_SELECTOR = YES;
				GCC_WARN_UNINITIALIZED_AUTOS = YES_AGGRESSIVE;
				GCC_WARN_UNUSED_FUNCTION = YES;
				GCC_WARN_UNUSED_VARIABLE = YES;
				IPHONEOS_DEPLOYMENT_TARGET = 14.4;
				MTL_ENABLE_DEBUG_INFO = NO;
				MTL_FAST_MATH = YES;
				SDKROOT = iphoneos;
				SWIFT_COMPILATION_MODE = wholemodule;
				SWIFT_OPTIMIZATION_LEVEL = "-O";
				VALIDATE_PRODUCT = YES;
			};
			name = Release;
		};
		A9419BB9262D9A2B00B29E0C /* Debug */ = {
			isa = XCBuildConfiguration;
			buildSettings = {
				ASSETCATALOG_COMPILER_APPICON_NAME = AppIcon;
				ASSETCATALOG_COMPILER_GLOBAL_ACCENT_COLOR_NAME = AccentColor;
				CODE_SIGN_STYLE = Automatic;
				DEVELOPMENT_ASSET_PATHS = "\"test/Preview Content\"";
				ENABLE_PREVIEWS = YES;
				INFOPLIST_FILE = test/Info.plist;
				IPHONEOS_DEPLOYMENT_TARGET = 14.0;
				LD_RUNPATH_SEARCH_PATHS = (
					"$(inherited)",
					"@executable_path/Frameworks",
				);
				PRODUCT_BUNDLE_IDENTIFIER = S.test;
				PRODUCT_NAME = "$(TARGET_NAME)";
				SWIFT_VERSION = 5.0;
				TARGETED_DEVICE_FAMILY = "1,2";
			};
			name = Debug;
		};
		A9419BBA262D9A2B00B29E0C /* Release */ = {
			isa = XCBuildConfiguration;
			buildSettings = {
				ASSETCATALOG_COMPILER_APPICON_NAME = AppIcon;
				ASSETCATALOG_COMPILER_GLOBAL_ACCENT_COLOR_NAME = AccentColor;
				CODE_SIGN_STYLE = Automatic;
				DEVELOPMENT_ASSET_PATHS = "\"test/Preview Content\"";
				ENABLE_PREVIEWS = YES;
				INFOPLIST_FILE = test/Info.plist;
				IPHONEOS_DEPLOYMENT_TARGET = 14.0;
				LD_RUNPATH_SEARCH_PATHS = (
					"$(inherited)",
					"@executable_path/Frameworks",
				);
				PRODUCT_BUNDLE_IDENTIFIER = S.test;
				PRODUCT_NAME = "$(TARGET_NAME)";
				SWIFT_VERSION = 5.0;
				TARGETED_DEVICE_FAMILY = "1,2";
			};
			name = Release;
		};
		A9419BBC262D9A2B00B29E0C /* Debug */ = {
			isa = XCBuildConfiguration;
			buildSettings = {
				ALWAYS_EMBED_SWIFT_STANDARD_LIBRARIES = YES;
				BUNDLE_LOADER = "$(TEST_HOST)";
				CODE_SIGN_STYLE = Automatic;
				INFOPLIST_FILE = testTests/Info.plist;
				IPHONEOS_DEPLOYMENT_TARGET = 14.0;
				LD_RUNPATH_SEARCH_PATHS = (
					"$(inherited)",
					"@executable_path/Frameworks",
					"@loader_path/Frameworks",
				);
				PRODUCT_BUNDLE_IDENTIFIER = S.testTests;
				PRODUCT_NAME = "$(TARGET_NAME)";
				SWIFT_VERSION = 5.0;
				TARGETED_DEVICE_FAMILY = "1,2";
				TEST_HOST = "$(BUILT_PRODUCTS_DIR)/test.app/test";
			};
			name = Debug;
		};
		A9419BBD262D9A2B00B29E0C /* Release */ = {
			isa = XCBuildConfiguration;
			buildSettings = {
				ALWAYS_EMBED_SWIFT_STANDARD_LIBRARIES = YES;
				BUNDLE_LOADER = "$(TEST_HOST)";
				CODE_SIGN_STYLE = Automatic;
				INFOPLIST_FILE = testTests/Info.plist;
				IPHONEOS_DEPLOYMENT_TARGET = 14.0;
				LD_RUNPATH_SEARCH_PATHS = (
					"$(inherited)",
					"@executable_path/Frameworks",
					"@loader_path/Frameworks",
				);
				PRODUCT_BUNDLE_IDENTIFIER = S.testTests;
				PRODUCT_NAME = "$(TARGET_NAME)";
				SWIFT_VERSION = 5.0;
				TARGETED_DEVICE_FAMILY = "1,2";
				TEST_HOST = "$(BUILT_PRODUCTS_DIR)/test.app/test";
			};
			name = Release;
		};
		A9419BBF262D9A2B00B29E0C /* Debug */ = {
			isa = XCBuildConfiguration;
			buildSettings = {
				ALWAYS_EMBED_SWIFT_STANDARD_LIBRARIES = YES;
				CODE_SIGN_STYLE = Automatic;
				INFOPLIST_FILE = testUITests/Info.plist;
				LD_RUNPATH_SEARCH_PATHS = (
					"$(inherited)",
					"@executable_path/Frameworks",
					"@loader_path/Frameworks",
				);
				PRODUCT_BUNDLE_IDENTIFIER = S.testUITests;
				PRODUCT_NAME = "$(TARGET_NAME)";
				SWIFT_VERSION = 5.0;
				TARGETED_DEVICE_FAMILY = "1,2";
				TEST_TARGET_NAME = test;
			};
			name = Debug;
		};
		A9419BC0262D9A2B00B29E0C /* Release */ = {
			isa = XCBuildConfiguration;
			buildSettings = {
				ALWAYS_EMBED_SWIFT_STANDARD_LIBRARIES = YES;
				CODE_SIGN_STYLE = Automatic;
				INFOPLIST_FILE = testUITests/Info.plist;
				LD_RUNPATH_SEARCH_PATHS = (
					"$(inherited)",
					"@executable_path/Frameworks",
					"@loader_path/Frameworks",
				);
				PRODUCT_BUNDLE_IDENTIFIER = S.testUITests;
				PRODUCT_NAME = "$(TARGET_NAME)";
				SWIFT_VERSION = 5.0;
				TARGETED_DEVICE_FAMILY = "1,2";
				TEST_TARGET_NAME = test;
			};
			name = Release;
		};
/* End XCBuildConfiguration section */

/* Begin XCConfigurationList section */
		A9419B8E262D9A2800B29E0C /* Build configuration list for PBXProject "test" */ = {
			isa = XCConfigurationList;
			buildConfigurations = (
				A9419BB6262D9A2B00B29E0C /* Debug */,
				A9419BB7262D9A2B00B29E0C /* Release */,
			);
			defaultConfigurationIsVisible = 0;
			defaultConfigurationName = Release;
		};
		A9419BB8262D9A2B00B29E0C /* Build configuration list for PBXNativeTarget "test" */ = {
			isa = XCConfigurationList;
			buildConfigurations = (
				A9419BB9262D9A2B00B29E0C /* Debug */,
				A9419BBA262D9A2B00B29E0C /* Release */,
			);
			defaultConfigurationIsVisible = 0;
			defaultConfigurationName = Release;
		};
		A9419BBB262D9A2B00B29E0C /* Build configuration list for PBXNativeTarget "testTests" */ = {
			isa = XCConfigurationList;
			buildConfigurations = (
				A9419BBC262D9A2B00B29E0C /* Debug */,
				A9419BBD262D9A2B00B29E0C /* Release */,
			);
			defaultConfigurationIsVisible = 0;
			defaultConfigurationName = Release;
		};
		A9419BBE262D9A2B00B29E0C /* Build configuration list for PBXNativeTarget "testUITests" */ = {
			isa = XCConfigurationList;
			buildConfigurations = (
				A9419BBF262D9A2B00B29E0C /* Debug */,
				A9419BC0262D9A2B00B29E0C /* Release */,
			);
			defaultConfigurationIsVisible = 0;
			defaultConfigurationName = Release;
		};
/* End XCConfigurationList section */
	};
	rootObject = A9419B8B262D9A2800B29E0C /* Project object */;
}
